
Microsoft Visual Studio Solution File, Format Version 12.00
# Visual Studio Version 17
VisualStudioVersion = 17.4.33213.308
MinimumVisualStudioVersion = 10.0.40219.1
Project("{FAE04EC0-301F-11D3-BF4B-00C04F79EFBC}") = "WebApplication1", "WebApplication1\WebApplication1.csproj", "{FA75FDFA-63DA-44F0-AE49-2CD309AE67F0}"
EndProject
Global
	GlobalSection(SolutionConfigurationPlatforms) = preSolution
		Debug|Any CPU = Debug|Any CPU
		Release|Any CPU = Release|Any CPU
	EndGlobalSection
	GlobalSection(ProjectConfigurationPlatforms) = postSolution
		{FA75FDFA-63DA-44F0-AE49-2CD309AE67F0}.Debug|Any CPU.ActiveCfg = Debug|Any CPU
		{FA75FDFA-63DA-44F0-AE49-2CD309AE67F0}.Debug|Any CPU.Build.0 = Debug|Any CPU
		{FA75FDFA-63DA-44F0-AE49-2CD309AE67F0}.Release|Any CPU.ActiveCfg = Release|Any CPU
		{FA75FDFA-63DA-44F0-AE49-2CD309AE67F0}.Release|Any CPU.Build.0 = Release|Any CPU
	EndGlobalSection
	GlobalSection(SolutionProperties) = preSolution
		HideSolutionNode = FALSE
	EndGlobalSection
	GlobalSection(ExtensibilityGlobals) = postSolution
		SolutionGuid = {B7708342-A4C9-4E75-811F-0D8FB33F7257}
	EndGlobalSection
EndGlobal
